
Microsoft Visual Studio Solution File, Format Version 12.00
# Visual Studio 15
VisualStudioVersion = 15.0.27428.2037
MinimumVisualStudioVersion = 10.0.40219.1
Project("{8BC9CEB8-8B4A-11D0-8D11-00A0C91BC942}") = "Project44", "Project44\Project44.vcxproj", "{407ED2F0-4E60-42C9-B60A-0A925B18482D}"
EndProject
Global
	GlobalSection(SolutionConfigurationPlatforms) = preSolution
		Debug|x64 = Debug|x64
		Debug|x86 = Debug|x86
		Release|x64 = Release|x64
		Release|x86 = Release|x86
	EndGlobalSection
	GlobalSection(ProjectConfigurationPlatforms) = postSolution
		{407ED2F0-4E60-42C9-B60A-0A925B18482D}.Debug|x64.ActiveCfg = Debug|x64
		{407ED2F0-4E60-42C9-B60A-0A925B18482D}.Debug|x64.Build.0 = Debug|x64
		{407ED2F0-4E60-42C9-B60A-0A925B18482D}.Debug|x86.ActiveCfg = Debug|Win32
		{407ED2F0-4E60-42C9-B60A-0A925B18482D}.Debug|x86.Build.0 = Debug|Win32
		{407ED2F0-4E60-42C9-B60A-0A925B18482D}.Release|x64.ActiveCfg = Release|x64
		{407ED2F0-4E60-42C9-B60A-0A925B18482D}.Release|x64.Build.0 = Release|x64
		{407ED2F0-4E60-42C9-B60A-0A925B18482D}.Release|x86.ActiveCfg = Release|Win32
		{407ED2F0-4E60-42C9-B60A-0A925B18482D}.Release|x86.Build.0 = Release|Win32
	EndGlobalSection
	GlobalSection(SolutionProperties) = preSolution
		HideSolutionNode = FALSE
	EndGlobalSection
	GlobalSection(ExtensibilityGlobals) = postSolution
		SolutionGuid = {CDE22DCA-CB7C-4402-8A23-2BB561043CFE}
	EndGlobalSection
EndGlobal
