
Microsoft Visual Studio Solution File, Format Version 12.00
# Visual Studio 15
VisualStudioVersion = 15.0.27428.2037
MinimumVisualStudioVersion = 10.0.40219.1
Project("{8BC9CEB8-8B4A-11D0-8D11-00A0C91BC942}") = "Project31", "Project31\Project31.vcxproj", "{78C3C766-E55D-4ECE-BA05-553DFD25B6C4}"
EndProject
Global
	GlobalSection(SolutionConfigurationPlatforms) = preSolution
		Debug|x64 = Debug|x64
		Debug|x86 = Debug|x86
		Release|x64 = Release|x64
		Release|x86 = Release|x86
	EndGlobalSection
	GlobalSection(ProjectConfigurationPlatforms) = postSolution
		{78C3C766-E55D-4ECE-BA05-553DFD25B6C4}.Debug|x64.ActiveCfg = Debug|x64
		{78C3C766-E55D-4ECE-BA05-553DFD25B6C4}.Debug|x64.Build.0 = Debug|x64
		{78C3C766-E55D-4ECE-BA05-553DFD25B6C4}.Debug|x86.ActiveCfg = Debug|Win32
		{78C3C766-E55D-4ECE-BA05-553DFD25B6C4}.Debug|x86.Build.0 = Debug|Win32
		{78C3C766-E55D-4ECE-BA05-553DFD25B6C4}.Release|x64.ActiveCfg = Release|x64
		{78C3C766-E55D-4ECE-BA05-553DFD25B6C4}.Release|x64.Build.0 = Release|x64
		{78C3C766-E55D-4ECE-BA05-553DFD25B6C4}.Release|x86.ActiveCfg = Release|Win32
		{78C3C766-E55D-4ECE-BA05-553DFD25B6C4}.Release|x86.Build.0 = Release|Win32
	EndGlobalSection
	GlobalSection(SolutionProperties) = preSolution
		HideSolutionNode = FALSE
	EndGlobalSection
	GlobalSection(ExtensibilityGlobals) = postSolution
		SolutionGuid = {3CA70CD7-F8A1-46D3-AC29-C68E967E84CB}
	EndGlobalSection
EndGlobal
