
Microsoft Visual Studio Solution File, Format Version 12.00
# Visual Studio 15
VisualStudioVersion = 15.0.27428.2037
MinimumVisualStudioVersion = 10.0.40219.1
Project("{8BC9CEB8-8B4A-11D0-8D11-00A0C91BC942}") = "Project43- switch", "Project43- switch\Project43- switch.vcxproj", "{248E88E7-CC2A-451F-B30F-DABE2511DB24}"
EndProject
Global
	GlobalSection(SolutionConfigurationPlatforms) = preSolution
		Debug|x64 = Debug|x64
		Debug|x86 = Debug|x86
		Release|x64 = Release|x64
		Release|x86 = Release|x86
	EndGlobalSection
	GlobalSection(ProjectConfigurationPlatforms) = postSolution
		{248E88E7-CC2A-451F-B30F-DABE2511DB24}.Debug|x64.ActiveCfg = Debug|x64
		{248E88E7-CC2A-451F-B30F-DABE2511DB24}.Debug|x64.Build.0 = Debug|x64
		{248E88E7-CC2A-451F-B30F-DABE2511DB24}.Debug|x86.ActiveCfg = Debug|Win32
		{248E88E7-CC2A-451F-B30F-DABE2511DB24}.Debug|x86.Build.0 = Debug|Win32
		{248E88E7-CC2A-451F-B30F-DABE2511DB24}.Release|x64.ActiveCfg = Release|x64
		{248E88E7-CC2A-451F-B30F-DABE2511DB24}.Release|x64.Build.0 = Release|x64
		{248E88E7-CC2A-451F-B30F-DABE2511DB24}.Release|x86.ActiveCfg = Release|Win32
		{248E88E7-CC2A-451F-B30F-DABE2511DB24}.Release|x86.Build.0 = Release|Win32
	EndGlobalSection
	GlobalSection(SolutionProperties) = preSolution
		HideSolutionNode = FALSE
	EndGlobalSection
	GlobalSection(ExtensibilityGlobals) = postSolution
		SolutionGuid = {22612DA0-1507-43FD-BF4D-B28141FC468A}
	EndGlobalSection
EndGlobal
