
Microsoft Visual Studio Solution File, Format Version 12.00
# Visual Studio 15
VisualStudioVersion = 15.0.27428.2037
MinimumVisualStudioVersion = 10.0.40219.1
Project("{8BC9CEB8-8B4A-11D0-8D11-00A0C91BC942}") = "Project26", "Project26\Project26.vcxproj", "{C515DEB8-1AFA-4B12-8CD9-02EB3293AA33}"
EndProject
Global
	GlobalSection(SolutionConfigurationPlatforms) = preSolution
		Debug|x64 = Debug|x64
		Debug|x86 = Debug|x86
		Release|x64 = Release|x64
		Release|x86 = Release|x86
	EndGlobalSection
	GlobalSection(ProjectConfigurationPlatforms) = postSolution
		{C515DEB8-1AFA-4B12-8CD9-02EB3293AA33}.Debug|x64.ActiveCfg = Debug|x64
		{C515DEB8-1AFA-4B12-8CD9-02EB3293AA33}.Debug|x64.Build.0 = Debug|x64
		{C515DEB8-1AFA-4B12-8CD9-02EB3293AA33}.Debug|x86.ActiveCfg = Debug|Win32
		{C515DEB8-1AFA-4B12-8CD9-02EB3293AA33}.Debug|x86.Build.0 = Debug|Win32
		{C515DEB8-1AFA-4B12-8CD9-02EB3293AA33}.Release|x64.ActiveCfg = Release|x64
		{C515DEB8-1AFA-4B12-8CD9-02EB3293AA33}.Release|x64.Build.0 = Release|x64
		{C515DEB8-1AFA-4B12-8CD9-02EB3293AA33}.Release|x86.ActiveCfg = Release|Win32
		{C515DEB8-1AFA-4B12-8CD9-02EB3293AA33}.Release|x86.Build.0 = Release|Win32
	EndGlobalSection
	GlobalSection(SolutionProperties) = preSolution
		HideSolutionNode = FALSE
	EndGlobalSection
	GlobalSection(ExtensibilityGlobals) = postSolution
		SolutionGuid = {5BA6C45F-0E96-4569-864A-56C6DE940A29}
	EndGlobalSection
EndGlobal
