
Microsoft Visual Studio Solution File, Format Version 12.00
# Visual Studio 15
VisualStudioVersion = 15.0.27428.2037
MinimumVisualStudioVersion = 10.0.40219.1
Project("{8BC9CEB8-8B4A-11D0-8D11-00A0C91BC942}") = "Project30", "Project30\Project30.vcxproj", "{4B4C8B37-9BDE-4B9D-A066-1501919BF816}"
EndProject
Global
	GlobalSection(SolutionConfigurationPlatforms) = preSolution
		Debug|x64 = Debug|x64
		Debug|x86 = Debug|x86
		Release|x64 = Release|x64
		Release|x86 = Release|x86
	EndGlobalSection
	GlobalSection(ProjectConfigurationPlatforms) = postSolution
		{4B4C8B37-9BDE-4B9D-A066-1501919BF816}.Debug|x64.ActiveCfg = Debug|x64
		{4B4C8B37-9BDE-4B9D-A066-1501919BF816}.Debug|x64.Build.0 = Debug|x64
		{4B4C8B37-9BDE-4B9D-A066-1501919BF816}.Debug|x86.ActiveCfg = Debug|Win32
		{4B4C8B37-9BDE-4B9D-A066-1501919BF816}.Debug|x86.Build.0 = Debug|Win32
		{4B4C8B37-9BDE-4B9D-A066-1501919BF816}.Release|x64.ActiveCfg = Release|x64
		{4B4C8B37-9BDE-4B9D-A066-1501919BF816}.Release|x64.Build.0 = Release|x64
		{4B4C8B37-9BDE-4B9D-A066-1501919BF816}.Release|x86.ActiveCfg = Release|Win32
		{4B4C8B37-9BDE-4B9D-A066-1501919BF816}.Release|x86.Build.0 = Release|Win32
	EndGlobalSection
	GlobalSection(SolutionProperties) = preSolution
		HideSolutionNode = FALSE
	EndGlobalSection
	GlobalSection(ExtensibilityGlobals) = postSolution
		SolutionGuid = {360DCD94-CBC3-4613-A69D-3C3DB23F8766}
	EndGlobalSection
EndGlobal
